{
  "comment": "Generated by `pub build`: each slug and the object it became. Do not edit.",
  "corpus": {
    "domain": "pub:sha2-256:rybbfx3egcx7r6oq3owtfn2za646fo723b55gqahpkynyltgzlqa",
    "generation": {
      "cid": "pub:sha2-256:3ovm3pewecxf7asmelpjhmwlznhcr5rzrlbktvfya7wbk4ld2oxa",
      "index": 3
    },
    "imports": {
      "base:env.myst-classicthesis": "pub:sha2-256:n3th3i4biov6naimk3crznlozoqjjh6xplkriic43phj5awtooia",
      "base:tool.classicthesis-pkg": "pub:sha2-256:wg6ltw67iminhtuzeonld3y4m43m4skd3i6cchqmtaxxrcidokqa",
      "base:tool.classicthesis-pkg#identity": "pub:sha2-256:x6kremevu7rdigf5hbldlm2hb67gv5mcjeisrh5fx3dzoz64modq",
      "base:tool.curvenote": "pub:sha2-256:yzy5l53ustzo7ccgd35gkk7hhly7hr6czay636wyvzm2gt774h3a",
      "base:tool.curvenote#identity": "pub:sha2-256:ssokwq6c74p27tk52t7a2y66s3fdpgghksrfy3n73ir42yvnuyxa",
      "base:tool.pub": "pub:sha2-256:5yuvvojbbkjypq35v5brx4zreoqfif6ofejmovvyfsep64lq5r4q",
      "base:tool.pub#identity": "pub:sha2-256:wwangpd5tdyrmt5lsomb7towkwuyzjuaergsvoxye54y6a6zfqta",
      "base:tool.typst": "pub:sha2-256:qfjdd53v6utzgdsjdc4p3wtihakwgdiaa5ahtdx4lylfncb7gw2q",
      "base:tool.typst#identity": "pub:sha2-256:apqtzy55um3znj2qzoji7pwe5r5fdqlxg3ltfrlaxny32rvacoma",
      "base:xdoc.jtex": "pub:sha2-256:3tzwtaqixkbuc4a2k5ftkicu367qlg5zs3acoj7mr35rxfrdbm5a",
      "base:xdoc.myst-pdf": "pub:sha2-256:npgvztebsabi5zdkc7rmpw66tj6bz3kpz5pp652cyf24gefvemga",
      "base:xdoc.publet-readme": "pub:sha2-256:7xsbbpg4rvu6pbmnyypq7z6x2zaovhi4rtamktw4t4zmsoydfeoq"
    },
    "key": "pub:sha2-256:m2smuezcqpjeyy6iofa2pjl47lgbwu254hohndyhs2do34fcrcma",
    "parents": [
      {
        "alias": "base",
        "generation": "pub:sha2-256:qr33pbzszqngs4h6zq3sn622bihxa3vqqlt6t3wn225pv5dbc44q",
        "index": 3,
        "key": "pub:sha2-256:caycsumztxqrdpsyrkwx23iapfmhk4wxgkyiy6he2msfbcaz3gbq"
      }
    ]
  },
  "publets": [
    {"slug": "namespace-capture", "kind": "doc", "tag": "PUB-NSCAPT-09-2026", "source": "publets/namespace-capture", "cid": "pub:sha2-256:g4rwhj6btdro4tc5dz57k4temdpvoeybbmeqcjbhg22s2ukz6ylq", "genesis": "pub:sha2-256:xmtbbhosermgsgrkmhynzzjg3pojxnte73nv6uolbiammq4cgylq", "deps": ["render.myst-classicthesis"]},
    {"slug": "pkg.publet-cli", "kind": "doc", "tag": "PKG-PUBCLI-10-2026", "source": "publets/pkg.publet-cli", "cid": "pub:sha2-256:aduraytwdxbzam4aentsm2wcr6mjfewmnsh3nb4saszbc3nbmwra", "genesis": "pub:sha2-256:p3njoj6ah2grighjlddv7grnsh4voxalhscqqv7z7ds7gukvyika", "deps": ["pkg.publet-cli#identity", "pkg.publet-cli#release"]},
    {"slug": "pkg.publet-cli#identity", "kind": "claim", "source": "publets/pkg.publet-cli", "cid": "pub:sha2-256:ilrvsahi2bvtbhwpwgcwkholyl7dhp6fdfmswbx7b7tywpjiipya", "genesis": "pub:sha2-256:grequkzffpt3ycvwikle2ywgielhni35wap2xyjyvcpqeclwg26a", "deps": []},
    {"slug": "pkg.publet-cli#release", "kind": "claim", "source": "publets/pkg.publet-cli", "cid": "pub:sha2-256:kmzbcx2wejnpedau77lhh2oh333yi4wo2lizth3l47yukpdk5svq", "genesis": "pub:sha2-256:c5jjfbytdnkiqy2w2zpl6yxme43surb6kwr7henet4mvszzap7iq", "deps": ["pkg.publet-cli#identity"]},
    {"slug": "render.myst-classicthesis", "kind": "doc", "tag": "RENDER-MYSTCT-10-2026", "source": "publets/render.myst-classicthesis", "cid": "pub:sha2-256:julbe3z57q6adsqu5fdgpuv6avprkx2aoubz5gewlo3uunriefwq", "genesis": "pub:sha2-256:l24kcfcgdqvtokcaqtqgfptmvi5kha3lon4awua3xxu2kywgbtqa", "deps": ["render.myst-classicthesis#compile-pdf", "render.myst-classicthesis#export-typst", "render.myst-classicthesis#method", "render.myst-classicthesis#write-myst", "tool.classicthesis-jtex"]},
    {"slug": "render.myst-classicthesis#compile-pdf", "kind": "claim", "source": "publets/render.myst-classicthesis", "cid": "pub:sha2-256:4jysuobdmlgh3mjyiv4t5qxjtu3j53boeqs4wdm6mjbwthlj54vq", "genesis": "pub:sha2-256:wpkoidcnhwgf4espqws36o2svsbnurhqz4qngqbs65kowenzsmeq", "deps": []},
    {"slug": "render.myst-classicthesis#export-typst", "kind": "claim", "source": "publets/render.myst-classicthesis", "cid": "pub:sha2-256:pvcaewbmcz7ouxd7z546z2zf3mzqfyk57nxmxivpq4b7twn5uwha", "genesis": "pub:sha2-256:luouz6c7nx5cm5slnonmljbxijgurafa3imdbbjoltb32cddpuzq", "deps": []},
    {"slug": "render.myst-classicthesis#method", "kind": "claim", "source": "publets/render.myst-classicthesis", "cid": "pub:sha2-256:e5il6h7oyvqcp5zurgmhpn4uzfo3ot6hynwygu6rpawxj5p7i2yq", "genesis": "pub:sha2-256:zhshz67p36gnsx2hnxjclh3qka2f7mgihob5yeh2fszu3h3crema", "deps": ["render.myst-classicthesis#compile-pdf", "render.myst-classicthesis#export-typst", "render.myst-classicthesis#write-myst"]},
    {"slug": "render.myst-classicthesis#write-myst", "kind": "claim", "source": "publets/render.myst-classicthesis", "cid": "pub:sha2-256:dxphuqwgsneyah3ftpj4gvbpxcgygba67u4cy4lac7qkz7iokdtq", "genesis": "pub:sha2-256:s3ol4fsqwovay25owih3r2se6m5utohab4z2exhen5n2qyrvpsqq", "deps": ["tool.classicthesis-jtex#manifest", "tool.classicthesis-jtex#template"]},
    {"slug": "semantic-drift", "kind": "doc", "tag": "PUB-SEMDRI-09-2026", "source": "publets/semantic-drift", "cid": "pub:sha2-256:sgtk7y4kikpjzbnsn34mt2o4u4wq3h37ebu3gjpraic4noy3wr4a", "genesis": "pub:sha2-256:vdu3xellu35kcdoh7p2qauedwifk75dhfrmwhwkq7wujgvygugba", "deps": ["render.myst-classicthesis"]},
    {"slug": "split-brain-forking", "kind": "doc", "tag": "PUB-SPLBRN-09-2026", "source": "publets/split-brain-forking", "cid": "pub:sha2-256:gpp6sdi7xkc6wkc7ytgskv3ljts4u5ssvmmakldmq2ciopw47ckq", "genesis": "pub:sha2-256:nbl2yfsybrzve7yaeevvvywvahyk5gd2yoqrurydwx6kw6zsdnfa", "deps": ["render.myst-classicthesis"]},
    {"slug": "tool.classicthesis-jtex", "kind": "doc", "tag": "TOOL-CLSJTX-10-2026", "source": "publets/tool.classicthesis-jtex", "cid": "pub:sha2-256:26dzs4kjwmkzw2l6nvyiwtmparhwxjz7paz4jak3x5tb6lksurja", "genesis": "pub:sha2-256:26dzs4kjwmkzw2l6nvyiwtmparhwxjz7paz4jak3x5tb6lksurja", "deps": ["tool.classicthesis-jtex#identity", "tool.classicthesis-jtex#manifest", "tool.classicthesis-jtex#template"]},
    {"slug": "tool.classicthesis-jtex#identity", "kind": "claim", "source": "publets/tool.classicthesis-jtex", "cid": "pub:sha2-256:5dxwokmphqchytzzulm3c4kjoioynpgj2ahu63lr3u7ojzuj4fuq", "genesis": "pub:sha2-256:5dxwokmphqchytzzulm3c4kjoioynpgj2ahu63lr3u7ojzuj4fuq", "deps": []},
    {"slug": "tool.classicthesis-jtex#manifest", "kind": "claim", "source": "publets/tool.classicthesis-jtex", "cid": "pub:sha2-256:ktiquvaidzoj7njgtffgfmdyr2xdjuqi2yprquww54ljlzn3tb6a", "genesis": "pub:sha2-256:ktiquvaidzoj7njgtffgfmdyr2xdjuqi2yprquww54ljlzn3tb6a", "deps": ["tool.classicthesis-jtex#identity"]},
    {"slug": "tool.classicthesis-jtex#template", "kind": "claim", "source": "publets/tool.classicthesis-jtex", "cid": "pub:sha2-256:uw6m3ja5yga7ryfkqgyzpmmt7gf2xp7k64pekxhnoyuo5cmzu22a", "genesis": "pub:sha2-256:uw6m3ja5yga7ryfkqgyzpmmt7gf2xp7k64pekxhnoyuo5cmzu22a", "deps": ["tool.classicthesis-jtex#identity"]},
    {"slug": "translation-desynchronization", "kind": "doc", "tag": "PUB-TRDSYN-09-2026", "source": "publets/translation-desynchronization", "cid": "pub:sha2-256:acedt7hh3gb6j5nmt3xqyzoltn3doiexl5nc7oweoi2jgwcfolea", "genesis": "pub:sha2-256:6sf2t2oesv6txxstdnm3iq4h3cba774snq4b62fsgbcat5i7ocya", "deps": ["render.myst-classicthesis"]}
  ]
}
